
Microsoft Visual Studio Solution File, Format Version 12.00
# Visual Studio 15
VisualStudioVersion = 15.0.28307.1209
MinimumVisualStudioVersion = 10.0.40219.1
Project("{FAE04EC0-301F-11D3-BF4B-00C04F79EFBC}") = "LettersServer", "TimeServer\LettersServer.csproj", "{218A0893-6C24-4C1D-BCDF-E6FBCE1B57E7}"
EndProject
Project("{FAE04EC0-301F-11D3-BF4B-00C04F79EFBC}") = "LettersClient1", "TimeClient1\LettersClient1.csproj", "{1539BDFA-EEA4-4763-8F46-B4F6AA1BA674}"
EndProject
Global
	GlobalSection(SolutionConfigurationPlatforms) = preSolution
		Debug|Any CPU = Debug|Any CPU
		Release|Any CPU = Release|Any CPU
	EndGlobalSection
	GlobalSection(ProjectConfigurationPlatforms) = postSolution
		{218A0893-6C24-4C1D-BCDF-E6FBCE1B57E7}.Debug|Any CPU.ActiveCfg = Debug|Any CPU
		{218A0893-6C24-4C1D-BCDF-E6FBCE1B57E7}.Debug|Any CPU.Build.0 = Debug|Any CPU
		{218A0893-6C24-4C1D-BCDF-E6FBCE1B57E7}.Release|Any CPU.ActiveCfg = Release|Any CPU
		{218A0893-6C24-4C1D-BCDF-E6FBCE1B57E7}.Release|Any CPU.Build.0 = Release|Any CPU
		{1539BDFA-EEA4-4763-8F46-B4F6AA1BA674}.Debug|Any CPU.ActiveCfg = Debug|Any CPU
		{1539BDFA-EEA4-4763-8F46-B4F6AA1BA674}.Debug|Any CPU.Build.0 = Debug|Any CPU
		{1539BDFA-EEA4-4763-8F46-B4F6AA1BA674}.Release|Any CPU.ActiveCfg = Release|Any CPU
		{1539BDFA-EEA4-4763-8F46-B4F6AA1BA674}.Release|Any CPU.Build.0 = Release|Any CPU
	EndGlobalSection
	GlobalSection(SolutionProperties) = preSolution
		HideSolutionNode = FALSE
	EndGlobalSection
	GlobalSection(ExtensibilityGlobals) = postSolution
		SolutionGuid = {AC9E892C-9448-4AF4-9776-B2E17F7D5FB7}
	EndGlobalSection
EndGlobal
